
Microsoft Visual Studio Solution File, Format Version 12.00
# Visual Studio Version 17
VisualStudioVersion = 17.6.33815.320
MinimumVisualStudioVersion = 10.0.40219.1
Project("{FAE04EC0-301F-11D3-BF4B-00C04F79EFBC}") = "StudentsMVC-Assignment3", "StudentsMVC-Assignment3.csproj", "{1769F852-E768-41DB-A53D-0C163FC3AD3B}"
EndProject
Global
	GlobalSection(SolutionConfigurationPlatforms) = preSolution
		Debug|Any CPU = Debug|Any CPU
		Release|Any CPU = Release|Any CPU
	EndGlobalSection
	GlobalSection(ProjectConfigurationPlatforms) = postSolution
		{1769F852-E768-41DB-A53D-0C163FC3AD3B}.Debug|Any CPU.ActiveCfg = Debug|Any CPU
		{1769F852-E768-41DB-A53D-0C163FC3AD3B}.Debug|Any CPU.Build.0 = Debug|Any CPU
		{1769F852-E768-41DB-A53D-0C163FC3AD3B}.Release|Any CPU.ActiveCfg = Release|Any CPU
		{1769F852-E768-41DB-A53D-0C163FC3AD3B}.Release|Any CPU.Build.0 = Release|Any CPU
	EndGlobalSection
	GlobalSection(SolutionProperties) = preSolution
		HideSolutionNode = FALSE
	EndGlobalSection
	GlobalSection(ExtensibilityGlobals) = postSolution
		SolutionGuid = {CC9FDB36-83F0-410E-A107-9BF9EF8C64CF}
	EndGlobalSection
EndGlobal
